
Microsoft Visual Studio Solution File, Format Version 12.00
# Visual Studio Version 17
VisualStudioVersion = 17.4.33213.308
MinimumVisualStudioVersion = 10.0.40219.1
Project("{9A19103F-16F7-4668-BE54-9A1E7A4F7556}") = "stoneXXI", "stoneXXI.csproj", "{4D6D4143-9A9C-41A5-BEAB-585CA5F7EE37}"
EndProject
Global
	GlobalSection(SolutionConfigurationPlatforms) = preSolution
		Debug|Any CPU = Debug|Any CPU
		Release|Any CPU = Release|Any CPU
	EndGlobalSection
	GlobalSection(ProjectConfigurationPlatforms) = postSolution
		{4D6D4143-9A9C-41A5-BEAB-585CA5F7EE37}.Debug|Any CPU.ActiveCfg = Debug|Any CPU
		{4D6D4143-9A9C-41A5-BEAB-585CA5F7EE37}.Debug|Any CPU.Build.0 = Debug|Any CPU
		{4D6D4143-9A9C-41A5-BEAB-585CA5F7EE37}.Release|Any CPU.ActiveCfg = Release|Any CPU
		{4D6D4143-9A9C-41A5-BEAB-585CA5F7EE37}.Release|Any CPU.Build.0 = Release|Any CPU
	EndGlobalSection
	GlobalSection(SolutionProperties) = preSolution
		HideSolutionNode = FALSE
	EndGlobalSection
	GlobalSection(ExtensibilityGlobals) = postSolution
		SolutionGuid = {EAB9C283-1ABD-44F7-BDD3-3B5C5BDADD5B}
	EndGlobalSection
EndGlobal
